
Microsoft Visual Studio Solution File, Format Version 12.00
# Visual Studio 14
VisualStudioVersion = 14.0.25420.1
MinimumVisualStudioVersion = 10.0.40219.1
Project("{E24C65DC-7377-472B-9ABA-BC803B73C61A}") = "web", "http://localhost:60309", "{D03170CF-2A6B-463B-8606-83EEF1A80FDE}"
	ProjectSection(WebsiteProperties) = preProject
		UseIISExpress = "true"
		TargetFrameworkMoniker = ".NETFramework,Version%3Dv4.0"
		Debug.AspNetCompiler.VirtualPath = "/localhost_60309"
		Debug.AspNetCompiler.PhysicalPath = "web\"
		Debug.AspNetCompiler.TargetPath = "PrecompiledWeb\localhost_60309\"
		Debug.AspNetCompiler.Updateable = "true"
		Debug.AspNetCompiler.ForceOverwrite = "true"
		Debug.AspNetCompiler.FixedNames = "false"
		Debug.AspNetCompiler.Debug = "True"
		Release.AspNetCompiler.VirtualPath = "/localhost_60309"
		Release.AspNetCompiler.PhysicalPath = "web\"
		Release.AspNetCompiler.TargetPath = "PrecompiledWeb\localhost_60309\"
		Release.AspNetCompiler.Updateable = "true"
		Release.AspNetCompiler.ForceOverwrite = "true"
		Release.AspNetCompiler.FixedNames = "false"
		Release.AspNetCompiler.Debug = "False"
		SlnRelativePath = "web\"
	EndProjectSection
EndProject
Project("{FAE04EC0-301F-11D3-BF4B-00C04F79EFBC}") = "Loconomics.Test", "Loconomics.Test\Loconomics.Test.csproj", "{1A391478-2673-4EAE-A69A-AD9859B85FC0}"
EndProject
Global
	GlobalSection(SolutionConfigurationPlatforms) = preSolution
		Debug|Any CPU = Debug|Any CPU
		Release|Any CPU = Release|Any CPU
	EndGlobalSection
	GlobalSection(ProjectConfigurationPlatforms) = postSolution
		{D03170CF-2A6B-463B-8606-83EEF1A80FDE}.Debug|Any CPU.ActiveCfg = Debug|Any CPU
		{D03170CF-2A6B-463B-8606-83EEF1A80FDE}.Debug|Any CPU.Build.0 = Debug|Any CPU
		{D03170CF-2A6B-463B-8606-83EEF1A80FDE}.Release|Any CPU.ActiveCfg = Debug|Any CPU
		{D03170CF-2A6B-463B-8606-83EEF1A80FDE}.Release|Any CPU.Build.0 = Debug|Any CPU
		{1A391478-2673-4EAE-A69A-AD9859B85FC0}.Debug|Any CPU.ActiveCfg = Debug|Any CPU
		{1A391478-2673-4EAE-A69A-AD9859B85FC0}.Debug|Any CPU.Build.0 = Debug|Any CPU
		{1A391478-2673-4EAE-A69A-AD9859B85FC0}.Release|Any CPU.ActiveCfg = Release|Any CPU
		{1A391478-2673-4EAE-A69A-AD9859B85FC0}.Release|Any CPU.Build.0 = Release|Any CPU
	EndGlobalSection
	GlobalSection(SolutionProperties) = preSolution
		HideSolutionNode = FALSE
	EndGlobalSection
EndGlobal
